// !$*UTF8*$!
{
	archiveVersion = 1;
	classes = {
	};
	objectVersion = 56;
	objects = {

/* Begin PBXBuildFile section */
		03EC37822985A4D30006CAC3 /* task_tango_app.swift in Sources */ = {isa = PBXBuildFile; fileRef = 03EC37812985A4D30006CAC3 /* task_tango_app.swift */; };
		03EC37842985A4D30006CAC3 /* ContentView.swift in Sources */ = {isa = PBXBuildFile; fileRef = 03EC37832985A4D30006CAC3 /* ContentView.swift */; };
		03EC37862985A4D40006CAC3 /* Assets.xcassets in Resources */ = {isa = PBXBuildFile; fileRef = 03EC37852985A4D40006CAC3 /* Assets.xcassets */; };
		03EC37892985A4D40006CAC3 /* Preview Assets.xcassets in Resources */ = {isa = PBXBuildFile; fileRef = 03EC37882985A4D40006CAC3 /* Preview Assets.xcassets */; };
		03EC37932985A4D40006CAC3 /* task_tango_appTests.swift in Sources */ = {isa = PBXBuildFile; fileRef = 03EC37922985A4D40006CAC3 /* task_tango_appTests.swift */; };
		03EC379D2985A4D40006CAC3 /* task_tango_appUITests.swift in Sources */ = {isa = PBXBuildFile; fileRef = 03EC379C2985A4D40006CAC3 /* task_tango_appUITests.swift */; };
		03EC379F2985A4D40006CAC3 /* task_tango_appUITestsLaunchTests.swift in Sources */ = {isa = PBXBuildFile; fileRef = 03EC379E2985A4D40006CAC3 /* task_tango_appUITestsLaunchTests.swift */; };
		03EC37AD2985A6D50006CAC3 /* Auth0 in Frameworks */ = {isa = PBXBuildFile; productRef = 03EC37AC2985A6D50006CAC3 /* Auth0 */; };
		03EC37AF2985A7870006CAC3 /* Property List.plist in Resources */ = {isa = PBXBuildFile; fileRef = 03EC37AE2985A7870006CAC3 /* Property List.plist */; };
		03EC37B12985AB240006CAC3 /* profile.swift in Sources */ = {isa = PBXBuildFile; fileRef = 03EC37B02985AB240006CAC3 /* profile.swift */; };
/* End PBXBuildFile section */

/* Begin PBXContainerItemProxy section */
		03EC378F2985A4D40006CAC3 /* PBXContainerItemProxy */ = {
			isa = PBXContainerItemProxy;
			containerPortal = 03EC37762985A4D30006CAC3 /* Project object */;
			proxyType = 1;
			remoteGlobalIDString = 03EC377D2985A4D30006CAC3;
			remoteInfo = "task-tango-app";
		};
		03EC37992985A4D40006CAC3 /* PBXContainerItemProxy */ = {
			isa = PBXContainerItemProxy;
			containerPortal = 03EC37762985A4D30006CAC3 /* Project object */;
			proxyType = 1;
			remoteGlobalIDString = 03EC377D2985A4D30006CAC3;
			remoteInfo = "task-tango-app";
		};
/* End PBXContainerItemProxy section */

/* Begin PBXFileReference section */
		03EC377E2985A4D30006CAC3 /* task-tango-app.app */ = {isa = PBXFileReference; explicitFileType = wrapper.application; includeInIndex = 0; path = "task-tango-app.app"; sourceTree = BUILT_PRODUCTS_DIR; };
		03EC37812985A4D30006CAC3 /* task_tango_app.swift */ = {isa = PBXFileReference; lastKnownFileType = sourcecode.swift; path = task_tango_app.swift; sourceTree = "<group>"; };
		03EC37832985A4D30006CAC3 /* ContentView.swift */ = {isa = PBXFileReference; lastKnownFileType = sourcecode.swift; path = ContentView.swift; sourceTree = "<group>"; };
		03EC37852985A4D40006CAC3 /* Assets.xcassets */ = {isa = PBXFileReference; lastKnownFileType = folder.assetcatalog; path = Assets.xcassets; sourceTree = "<group>"; };
		03EC37882985A4D40006CAC3 /* Preview Assets.xcassets */ = {isa = PBXFileReference; lastKnownFileType = folder.assetcatalog; path = "Preview Assets.xcassets"; sourceTree = "<group>"; };
		03EC378E2985A4D40006CAC3 /* task-tango-appTests.xctest */ = {isa = PBXFileReference; explicitFileType = wrapper.cfbundle; includeInIndex = 0; path = "task-tango-appTests.xctest"; sourceTree = BUILT_PRODUCTS_DIR; };
		03EC37922985A4D40006CAC3 /* task_tango_appTests.swift */ = {isa = PBXFileReference; lastKnownFileType = sourcecode.swift; path = task_tango_appTests.swift; sourceTree = "<group>"; };
		03EC37982985A4D40006CAC3 /* task-tango-appUITests.xctest */ = {isa = PBXFileReference; explicitFileType = wrapper.cfbundle; includeInIndex = 0; path = "task-tango-appUITests.xctest"; sourceTree = BUILT_PRODUCTS_DIR; };
		03EC379C2985A4D40006CAC3 /* task_tango_appUITests.swift */ = {isa = PBXFileReference; lastKnownFileType = sourcecode.swift; path = task_tango_appUITests.swift; sourceTree = "<group>"; };
		03EC379E2985A4D40006CAC3 /* task_tango_appUITestsLaunchTests.swift */ = {isa = PBXFileReference; lastKnownFileType = sourcecode.swift; path = task_tango_appUITestsLaunchTests.swift; sourceTree = "<group>"; };
		03EC37AE2985A7870006CAC3 /* Property List.plist */ = {isa = PBXFileReference; lastKnownFileType = text.plist.xml; path = "Property List.plist"; sourceTree = "<group>"; };
		03EC37B02985AB240006CAC3 /* profile.swift */ = {isa = PBXFileReference; lastKnownFileType = sourcecode.swift; path = profile.swift; sourceTree = "<group>"; };
/* End PBXFileReference section */

/* Begin PBXFrameworksBuildPhase section */
		03EC377B2985A4D30006CAC3 /* Frameworks */ = {
			isa = PBXFrameworksBuildPhase;
			buildActionMask = 2147483647;
			files = (
				03EC37AD2985A6D50006CAC3 /* Auth0 in Frameworks */,
			);
			runOnlyForDeploymentPostprocessing = 0;
		};
		03EC378B2985A4D40006CAC3 /* Frameworks */ = {
			isa = PBXFrameworksBuildPhase;
			buildActionMask = 2147483647;
			files = (
			);
			runOnlyForDeploymentPostprocessing = 0;
		};
		03EC37952985A4D40006CAC3 /* Frameworks */ = {
			isa = PBXFrameworksBuildPhase;
			buildActionMask = 2147483647;
			files = (
			);
			runOnlyForDeploymentPostprocessing = 0;
		};
/* End PBXFrameworksBuildPhase section */

/* Begin PBXGroup section */
		03EC37752985A4D30006CAC3 = {
			isa = PBXGroup;
			children = (
				03EC37802985A4D30006CAC3 /* task-tango-app */,
				03EC37912985A4D40006CAC3 /* task-tango-appTests */,
				03EC379B2985A4D40006CAC3 /* task-tango-appUITests */,
				03EC377F2985A4D30006CAC3 /* Products */,
			);
			sourceTree = "<group>";
		};
		03EC377F2985A4D30006CAC3 /* Products */ = {
			isa = PBXGroup;
			children = (
				03EC377E2985A4D30006CAC3 /* task-tango-app.app */,
				03EC378E2985A4D40006CAC3 /* task-tango-appTests.xctest */,
				03EC37982985A4D40006CAC3 /* task-tango-appUITests.xctest */,
			);
			name = Products;
			sourceTree = "<group>";
		};
		03EC37802985A4D30006CAC3 /* task-tango-app */ = {
			isa = PBXGroup;
			children = (
				03EC37812985A4D30006CAC3 /* task_tango_app.swift */,
				03EC37832985A4D30006CAC3 /* ContentView.swift */,
				03EC37852985A4D40006CAC3 /* Assets.xcassets */,
				03EC37872985A4D40006CAC3 /* Preview Content */,
				03EC37AE2985A7870006CAC3 /* Property List.plist */,
				03EC37B02985AB240006CAC3 /* profile.swift */,
			);
			path = "task-tango-app";
			sourceTree = "<group>";
		};
		03EC37872985A4D40006CAC3 /* Preview Content */ = {
			isa = PBXGroup;
			children = (
				03EC37882985A4D40006CAC3 /* Preview Assets.xcassets */,
			);
			path = "Preview Content";
			sourceTree = "<group>";
		};
		03EC37912985A4D40006CAC3 /* task-tango-appTests */ = {
			isa = PBXGroup;
			children = (
				03EC37922985A4D40006CAC3 /* task_tango_appTests.swift */,
			);
			path = "task-tango-appTests";
			sourceTree = "<group>";
		};
		03EC379B2985A4D40006CAC3 /* task-tango-appUITests */ = {
			isa = PBXGroup;
			children = (
				03EC379C2985A4D40006CAC3 /* task_tango_appUITests.swift */,
				03EC379E2985A4D40006CAC3 /* task_tango_appUITestsLaunchTests.swift */,
			);
			path = "task-tango-appUITests";
			sourceTree = "<group>";
		};
/* End PBXGroup section */

/* Begin PBXNativeTarget section */
		03EC377D2985A4D30006CAC3 /* task-tango-app */ = {
			isa = PBXNativeTarget;
			buildConfigurationList = 03EC37A22985A4D40006CAC3 /* Build configuration list for PBXNativeTarget "task-tango-app" */;
			buildPhases = (
				03EC377A2985A4D30006CAC3 /* Sources */,
				03EC377B2985A4D30006CAC3 /* Frameworks */,
				03EC377C2985A4D30006CAC3 /* Resources */,
			);
			buildRules = (
			);
			dependencies = (
			);
			name = "task-tango-app";
			packageProductDependencies = (
				03EC37AC2985A6D50006CAC3 /* Auth0 */,
			);
			productName = "task-tango-app";
			productReference = 03EC377E2985A4D30006CAC3 /* task-tango-app.app */;
			productType = "com.apple.product-type.application";
		};
		03EC378D2985A4D40006CAC3 /* task-tango-appTests */ = {
			isa = PBXNativeTarget;
			buildConfigurationList = 03EC37A52985A4D40006CAC3 /* Build configuration list for PBXNativeTarget "task-tango-appTests" */;
			buildPhases = (
				03EC378A2985A4D40006CAC3 /* Sources */,
				03EC378B2985A4D40006CAC3 /* Frameworks */,
				03EC378C2985A4D40006CAC3 /* Resources */,
			);
			buildRules = (
			);
			dependencies = (
				03EC37902985A4D40006CAC3 /* PBXTargetDependency */,
			);
			name = "task-tango-appTests";
			productName = "task-tango-appTests";
			productReference = 03EC378E2985A4D40006CAC3 /* task-tango-appTests.xctest */;
			productType = "com.apple.product-type.bundle.unit-test";
		};
		03EC37972985A4D40006CAC3 /* task-tango-appUITests */ = {
			isa = PBXNativeTarget;
			buildConfigurationList = 03EC37A82985A4D40006CAC3 /* Build configuration list for PBXNativeTarget "task-tango-appUITests" */;
			buildPhases = (
				03EC37942985A4D40006CAC3 /* Sources */,
				03EC37952985A4D40006CAC3 /* Frameworks */,
				03EC37962985A4D40006CAC3 /* Resources */,
			);
			buildRules = (
			);
			dependencies = (
				03EC379A2985A4D40006CAC3 /* PBXTargetDependency */,
			);
			name = "task-tango-appUITests";
			productName = "task-tango-appUITests";
			productReference = 03EC37982985A4D40006CAC3 /* task-tango-appUITests.xctest */;
			productType = "com.apple.product-type.bundle.ui-testing";
		};
/* End PBXNativeTarget section */

/* Begin PBXProject section */
		03EC37762985A4D30006CAC3 /* Project object */ = {
			isa = PBXProject;
			attributes = {
				BuildIndependentTargetsInParallel = 1;
				LastSwiftUpdateCheck = 1420;
				LastUpgradeCheck = 1420;
				TargetAttributes = {
					03EC377D2985A4D30006CAC3 = {
						CreatedOnToolsVersion = 14.2;
					};
					03EC378D2985A4D40006CAC3 = {
						CreatedOnToolsVersion = 14.2;
						TestTargetID = 03EC377D2985A4D30006CAC3;
					};
					03EC37972985A4D40006CAC3 = {
						CreatedOnToolsVersion = 14.2;
						TestTargetID = 03EC377D2985A4D30006CAC3;
					};
				};
			};
			buildConfigurationList = 03EC37792985A4D30006CAC3 /* Build configuration list for PBXProject "task-tango-app" */;
			compatibilityVersion = "Xcode 14.0";
			developmentRegion = en;
			hasScannedForEncodings = 0;
			knownRegions = (
				en,
				Base,
			);
			mainGroup = 03EC37752985A4D30006CAC3;
			packageReferences = (
				03EC37AB2985A6D50006CAC3 /* XCRemoteSwiftPackageReference "Auth0" */,
			);
			productRefGroup = 03EC377F2985A4D30006CAC3 /* Products */;
			projectDirPath = "";
			projectRoot = "";
			targets = (
				03EC377D2985A4D30006CAC3 /* task-tango-app */,
				03EC378D2985A4D40006CAC3 /* task-tango-appTests */,
				03EC37972985A4D40006CAC3 /* task-tango-appUITests */,
			);
		};
/* End PBXProject section */

/* Begin PBXResourcesBuildPhase section */
		03EC377C2985A4D30006CAC3 /* Resources */ = {
			isa = PBXResourcesBuildPhase;
			buildActionMask = 2147483647;
			files = (
				03EC37AF2985A7870006CAC3 /* Property List.plist in Resources */,
				03EC37892985A4D40006CAC3 /* Preview Assets.xcassets in Resources */,
				03EC37862985A4D40006CAC3 /* Assets.xcassets in Resources */,
			);
			runOnlyForDeploymentPostprocessing = 0;
		};
		03EC378C2985A4D40006CAC3 /* Resources */ = {
			isa = PBXResourcesBuildPhase;
			buildActionMask = 2147483647;
			files = (
			);
			runOnlyForDeploymentPostprocessing = 0;
		};
		03EC37962985A4D40006CAC3 /* Resources */ = {
			isa = PBXResourcesBuildPhase;
			buildActionMask = 2147483647;
			files = (
			);
			runOnlyForDeploymentPostprocessing = 0;
		};
/* End PBXResourcesBuildPhase section */

/* Begin PBXSourcesBuildPhase section */
		03EC377A2985A4D30006CAC3 /* Sources */ = {
			isa = PBXSourcesBuildPhase;
			buildActionMask = 2147483647;
			files = (
				03EC37B12985AB240006CAC3 /* profile.swift in Sources */,
				03EC37842985A4D30006CAC3 /* ContentView.swift in Sources */,
				03EC37822985A4D30006CAC3 /* task_tango_app.swift in Sources */,
			);
			runOnlyForDeploymentPostprocessing = 0;
		};
		03EC378A2985A4D40006CAC3 /* Sources */ = {
			isa = PBXSourcesBuildPhase;
			buildActionMask = 2147483647;
			files = (
				03EC37932985A4D40006CAC3 /* task_tango_appTests.swift in Sources */,
			);
			runOnlyForDeploymentPostprocessing = 0;
		};
		03EC37942985A4D40006CAC3 /* Sources */ = {
			isa = PBXSourcesBuildPhase;
			buildActionMask = 2147483647;
			files = (
				03EC379D2985A4D40006CAC3 /* task_tango_appUITests.swift in Sources */,
				03EC379F2985A4D40006CAC3 /* task_tango_appUITestsLaunchTests.swift in Sources */,
			);
			runOnlyForDeploymentPostprocessing = 0;
		};
/* End PBXSourcesBuildPhase section */

/* Begin PBXTargetDependency section */
		03EC37902985A4D40006CAC3 /* PBXTargetDependency */ = {
			isa = PBXTargetDependency;
			target = 03EC377D2985A4D30006CAC3 /* task-tango-app */;
			targetProxy = 03EC378F2985A4D40006CAC3 /* PBXContainerItemProxy */;
		};
		03EC379A2985A4D40006CAC3 /* PBXTargetDependency */ = {
			isa = PBXTargetDependency;
			target = 03EC377D2985A4D30006CAC3 /* task-tango-app */;
			targetProxy = 03EC37992985A4D40006CAC3 /* PBXContainerItemProxy */;
		};
/* End PBXTargetDependency section */

/* Begin XCBuildConfiguration section */
		03EC37A02985A4D40006CAC3 /* Debug */ = {
			isa = XCBuildConfiguration;
			buildSettings = {
				ALWAYS_SEARCH_USER_PATHS = NO;
				CLANG_ANALYZER_NONNULL = YES;
				CLANG_ANALYZER_NUMBER_OBJECT_CONVERSION = YES_AGGRESSIVE;
				CLANG_CXX_LANGUAGE_STANDARD = "gnu++20";
				CLANG_ENABLE_MODULES = YES;
				CLANG_ENABLE_OBJC_ARC = YES;
				CLANG_ENABLE_OBJC_WEAK = YES;
				CLANG_WARN_BLOCK_CAPTURE_AUTORELEASING = YES;
				CLANG_WARN_BOOL_CONVERSION = YES;
				CLANG_WARN_COMMA = YES;
				CLANG_WARN_CONSTANT_CONVERSION = YES;
				CLANG_WARN_DEPRECATED_OBJC_IMPLEMENTATIONS = YES;
				CLANG_WARN_DIRECT_OBJC_ISA_USAGE = YES_ERROR;
				CLANG_WARN_DOCUMENTATION_COMMENTS = YES;
				CLANG_WARN_EMPTY_BODY = YES;
				CLANG_WARN_ENUM_CONVERSION = YES;
				CLANG_WARN_INFINITE_RECURSION = YES;
				CLANG_WARN_INT_CONVERSION = YES;
				CLANG_WARN_NON_LITERAL_NULL_CONVERSION = YES;
				CLANG_WARN_OBJC_IMPLICIT_RETAIN_SELF = YES;
				CLANG_WARN_OBJC_LITERAL_CONVERSION = YES;
				CLANG_WARN_OBJC_ROOT_CLASS = YES_ERROR;
				CLANG_WARN_QUOTED_INCLUDE_IN_FRAMEWORK_HEADER = YES;
				CLANG_WARN_RANGE_LOOP_ANALYSIS = YES;
				CLANG_WARN_STRICT_PROTOTYPES = YES;
				CLANG_WARN_SUSPICIOUS_MOVE = YES;
				CLANG_WARN_UNGUARDED_AVAILABILITY = YES_AGGRESSIVE;
				CLANG_WARN_UNREACHABLE_CODE = YES;
				CLANG_WARN__DUPLICATE_METHOD_MATCH = YES;
				COPY_PHASE_STRIP = NO;
				DEBUG_INFORMATION_FORMAT = dwarf;
				ENABLE_STRICT_OBJC_MSGSEND = YES;
				ENABLE_TESTABILITY = YES;
				GCC_C_LANGUAGE_STANDARD = gnu11;
				GCC_DYNAMIC_NO_PIC = NO;
				GCC_NO_COMMON_BLOCKS = YES;
				GCC_OPTIMIZATION_LEVEL = 0;
				GCC_PREPROCESSOR_DEFINITIONS = (
					"DEBUG=1",
					"$(inherited)",
				);
				GCC_WARN_64_TO_32_BIT_CONVERSION = YES;
				GCC_WARN_ABOUT_RETURN_TYPE = YES_ERROR;
				GCC_WARN_UNDECLARED_SELECTOR = YES;
				GCC_WARN_UNINITIALIZED_AUTOS = YES_AGGRESSIVE;
				GCC_WARN_UNUSED_FUNCTION = YES;
				GCC_WARN_UNUSED_VARIABLE = YES;
				IPHONEOS_DEPLOYMENT_TARGET = 16.2;
				MTL_ENABLE_DEBUG_INFO = INCLUDE_SOURCE;
				MTL_FAST_MATH = YES;
				ONLY_ACTIVE_ARCH = YES;
				SDKROOT = iphoneos;
				SWIFT_ACTIVE_COMPILATION_CONDITIONS = DEBUG;
				SWIFT_OPTIMIZATION_LEVEL = "-Onone";
			};
			name = Debug;
		};
		03EC37A12985A4D40006CAC3 /* Release */ = {
			isa = XCBuildConfiguration;
			buildSettings = {
				ALWAYS_SEARCH_USER_PATHS = NO;
				CLANG_ANALYZER_NONNULL = YES;
				CLANG_ANALYZER_NUMBER_OBJECT_CONVERSION = YES_AGGRESSIVE;
				CLANG_CXX_LANGUAGE_STANDARD = "gnu++20";
				CLANG_ENABLE_MODULES = YES;
				CLANG_ENABLE_OBJC_ARC = YES;
				CLANG_ENABLE_OBJC_WEAK = YES;
				CLANG_WARN_BLOCK_CAPTURE_AUTORELEASING = YES;
				CLANG_WARN_BOOL_CONVERSION = YES;
				CLANG_WARN_COMMA = YES;
				CLANG_WARN_CONSTANT_CONVERSION = YES;
				CLANG_WARN_DEPRECATED_OBJC_IMPLEMENTATIONS = YES;
				CLANG_WARN_DIRECT_OBJC_ISA_USAGE = YES_ERROR;
				CLANG_WARN_DOCUMENTATION_COMMENTS = YES;
				CLANG_WARN_EMPTY_BODY = YES;
				CLANG_WARN_ENUM_CONVERSION = YES;
				CLANG_WARN_INFINITE_RECURSION = YES;
				CLANG_WARN_INT_CONVERSION = YES;
				CLANG_WARN_NON_LITERAL_NULL_CONVERSION = YES;
				CLANG_WARN_OBJC_IMPLICIT_RETAIN_SELF = YES;
				CLANG_WARN_OBJC_LITERAL_CONVERSION = YES;
				CLANG_WARN_OBJC_ROOT_CLASS = YES_ERROR;
				CLANG_WARN_QUOTED_INCLUDE_IN_FRAMEWORK_HEADER = YES;
				CLANG_WARN_RANGE_LOOP_ANALYSIS = YES;
				CLANG_WARN_STRICT_PROTOTYPES = YES;
				CLANG_WARN_SUSPICIOUS_MOVE = YES;
				CLANG_WARN_UNGUARDED_AVAILABILITY = YES_AGGRESSIVE;
				CLANG_WARN_UNREACHABLE_CODE = YES;
				CLANG_WARN__DUPLICATE_METHOD_MATCH = YES;
				COPY_PHASE_STRIP = NO;
				DEBUG_INFORMATION_FORMAT = "dwarf-with-dsym";
				ENABLE_NS_ASSERTIONS = NO;
				ENABLE_STRICT_OBJC_MSGSEND = YES;
				GCC_C_LANGUAGE_STANDARD = gnu11;
				GCC_NO_COMMON_BLOCKS = YES;
				GCC_WARN_64_TO_32_BIT_CONVERSION = YES;
				GCC_WARN_ABOUT_RETURN_TYPE = YES_ERROR;
				GCC_WARN_UNDECLARED_SELECTOR = YES;
				GCC_WARN_UNINITIALIZED_AUTOS = YES_AGGRESSIVE;
				GCC_WARN_UNUSED_FUNCTION = YES;
				GCC_WARN_UNUSED_VARIABLE = YES;
				IPHONEOS_DEPLOYMENT_TARGET = 16.2;
				MTL_ENABLE_DEBUG_INFO = NO;
				MTL_FAST_MATH = YES;
				SDKROOT = iphoneos;
				SWIFT_COMPILATION_MODE = wholemodule;
				SWIFT_OPTIMIZATION_LEVEL = "-O";
				VALIDATE_PRODUCT = YES;
			};
			name = Release;
		};
		03EC37A32985A4D40006CAC3 /* Debug */ = {
			isa = XCBuildConfiguration;
			buildSettings = {
				ASSETCATALOG_COMPILER_APPICON_NAME = AppIcon;
				ASSETCATALOG_COMPILER_GLOBAL_ACCENT_COLOR_NAME = AccentColor;
				CODE_SIGN_STYLE = Automatic;
				CURRENT_PROJECT_VERSION = 1;
				DEVELOPMENT_ASSET_PATHS = "\"task-tango-app/Preview Content\"";
				ENABLE_PREVIEWS = YES;
				GENERATE_INFOPLIST_FILE = YES;
				INFOPLIST_KEY_UIApplicationSceneManifest_Generation = YES;
				INFOPLIST_KEY_UIApplicationSupportsIndirectInputEvents = YES;
				INFOPLIST_KEY_UILaunchScreen_Generation = YES;
				INFOPLIST_KEY_UISupportedInterfaceOrientations_iPad = "UIInterfaceOrientationPortrait UIInterfaceOrientationPortraitUpsideDown UIInterfaceOrientationLandscapeLeft UIInterfaceOrientationLandscapeRight";
				INFOPLIST_KEY_UISupportedInterfaceOrientations_iPhone = "UIInterfaceOrientationPortrait UIInterfaceOrientationLandscapeLeft UIInterfaceOrientationLandscapeRight";
				LD_RUNPATH_SEARCH_PATHS = (
					"$(inherited)",
					"@executable_path/Frameworks",
				);
				MARKETING_VERSION = 1.0;
				PRODUCT_BUNDLE_IDENTIFIER = "com.TaskTango.task-tango-app";
				PRODUCT_NAME = "$(TARGET_NAME)";
				SWIFT_EMIT_LOC_STRINGS = YES;
				SWIFT_VERSION = 5.0;
				TARGETED_DEVICE_FAMILY = "1,2";
			};
			name = Debug;
		};
		03EC37A42985A4D40006CAC3 /* Release */ = {
			isa = XCBuildConfiguration;
			buildSettings = {
				ASSETCATALOG_COMPILER_APPICON_NAME = AppIcon;
				ASSETCATALOG_COMPILER_GLOBAL_ACCENT_COLOR_NAME = AccentColor;
				CODE_SIGN_STYLE = Automatic;
				CURRENT_PROJECT_VERSION = 1;
				DEVELOPMENT_ASSET_PATHS = "\"task-tango-app/Preview Content\"";
				ENABLE_PREVIEWS = YES;
				GENERATE_INFOPLIST_FILE = YES;
				INFOPLIST_KEY_UIApplicationSceneManifest_Generation = YES;
				INFOPLIST_KEY_UIApplicationSupportsIndirectInputEvents = YES;
				INFOPLIST_KEY_UILaunchScreen_Generation = YES;
				INFOPLIST_KEY_UISupportedInterfaceOrientations_iPad = "UIInterfaceOrientationPortrait UIInterfaceOrientationPortraitUpsideDown UIInterfaceOrientationLandscapeLeft UIInterfaceOrientationLandscapeRight";
				INFOPLIST_KEY_UISupportedInterfaceOrientations_iPhone = "UIInterfaceOrientationPortrait UIInterfaceOrientationLandscapeLeft UIInterfaceOrientationLandscapeRight";
				LD_RUNPATH_SEARCH_PATHS = (
					"$(inherited)",
					"@executable_path/Frameworks",
				);
				MARKETING_VERSION = 1.0;
				PRODUCT_BUNDLE_IDENTIFIER = "com.TaskTango.task-tango-app";
				PRODUCT_NAME = "$(TARGET_NAME)";
				SWIFT_EMIT_LOC_STRINGS = YES;
				SWIFT_VERSION = 5.0;
				TARGETED_DEVICE_FAMILY = "1,2";
			};
			name = Release;
		};
		03EC37A62985A4D40006CAC3 /* Debug */ = {
			isa = XCBuildConfiguration;
			buildSettings = {
				ALWAYS_EMBED_SWIFT_STANDARD_LIBRARIES = YES;
				BUNDLE_LOADER = "$(TEST_HOST)";
				CODE_SIGN_STYLE = Automatic;
				CURRENT_PROJECT_VERSION = 1;
				GENERATE_INFOPLIST_FILE = YES;
				IPHONEOS_DEPLOYMENT_TARGET = 16.2;
				MARKETING_VERSION = 1.0;
				PRODUCT_BUNDLE_IDENTIFIER = "com.TaskTango.task-tango-appTests";
				PRODUCT_NAME = "$(TARGET_NAME)";
				SWIFT_EMIT_LOC_STRINGS = NO;
				SWIFT_VERSION = 5.0;
				TARGETED_DEVICE_FAMILY = "1,2";
				TEST_HOST = "$(BUILT_PRODUCTS_DIR)/task-tango-app.app/$(BUNDLE_EXECUTABLE_FOLDER_PATH)/task-tango-app";
			};
			name = Debug;
		};
		03EC37A72985A4D40006CAC3 /* Release */ = {
			isa = XCBuildConfiguration;
			buildSettings = {
				ALWAYS_EMBED_SWIFT_STANDARD_LIBRARIES = YES;
				BUNDLE_LOADER = "$(TEST_HOST)";
				CODE_SIGN_STYLE = Automatic;
				CURRENT_PROJECT_VERSION = 1;
				GENERATE_INFOPLIST_FILE = YES;
				IPHONEOS_DEPLOYMENT_TARGET = 16.2;
				MARKETING_VERSION = 1.0;
				PRODUCT_BUNDLE_IDENTIFIER = "com.TaskTango.task-tango-appTests";
				PRODUCT_NAME = "$(TARGET_NAME)";
				SWIFT_EMIT_LOC_STRINGS = NO;
				SWIFT_VERSION = 5.0;
				TARGETED_DEVICE_FAMILY = "1,2";
				TEST_HOST = "$(BUILT_PRODUCTS_DIR)/task-tango-app.app/$(BUNDLE_EXECUTABLE_FOLDER_PATH)/task-tango-app";
			};
			name = Release;
		};
		03EC37A92985A4D40006CAC3 /* Debug */ = {
			isa = XCBuildConfiguration;
			buildSettings = {
				ALWAYS_EMBED_SWIFT_STANDARD_LIBRARIES = YES;
				CODE_SIGN_STYLE = Automatic;
				CURRENT_PROJECT_VERSION = 1;
				GENERATE_INFOPLIST_FILE = YES;
				MARKETING_VERSION = 1.0;
				PRODUCT_BUNDLE_IDENTIFIER = "com.TaskTango.task-tango-appUITests";
				PRODUCT_NAME = "$(TARGET_NAME)";
				SWIFT_EMIT_LOC_STRINGS = NO;
				SWIFT_VERSION = 5.0;
				TARGETED_DEVICE_FAMILY = "1,2";
				TEST_TARGET_NAME = "task-tango-app";
			};
			name = Debug;
		};
		03EC37AA2985A4D40006CAC3 /* Release */ = {
			isa = XCBuildConfiguration;
			buildSettings = {
				ALWAYS_EMBED_SWIFT_STANDARD_LIBRARIES = YES;
				CODE_SIGN_STYLE = Automatic;
				CURRENT_PROJECT_VERSION = 1;
				GENERATE_INFOPLIST_FILE = YES;
				MARKETING_VERSION = 1.0;
				PRODUCT_BUNDLE_IDENTIFIER = "com.TaskTango.task-tango-appUITests";
				PRODUCT_NAME = "$(TARGET_NAME)";
				SWIFT_EMIT_LOC_STRINGS = NO;
				SWIFT_VERSION = 5.0;
				TARGETED_DEVICE_FAMILY = "1,2";
				TEST_TARGET_NAME = "task-tango-app";
			};
			name = Release;
		};
/* End XCBuildConfiguration section */

/* Begin XCConfigurationList section */
		03EC37792985A4D30006CAC3 /* Build configuration list for PBXProject "task-tango-app" */ = {
			isa = XCConfigurationList;
			buildConfigurations = (
				03EC37A02985A4D40006CAC3 /* Debug */,
				03EC37A12985A4D40006CAC3 /* Release */,
			);
			defaultConfigurationIsVisible = 0;
			defaultConfigurationName = Release;
		};
		03EC37A22985A4D40006CAC3 /* Build configuration list for PBXNativeTarget "task-tango-app" */ = {
			isa = XCConfigurationList;
			buildConfigurations = (
				03EC37A32985A4D40006CAC3 /* Debug */,
				03EC37A42985A4D40006CAC3 /* Release */,
			);
			defaultConfigurationIsVisible = 0;
			defaultConfigurationName = Release;
		};
		03EC37A52985A4D40006CAC3 /* Build configuration list for PBXNativeTarget "task-tango-appTests" */ = {
			isa = XCConfigurationList;
			buildConfigurations = (
				03EC37A62985A4D40006CAC3 /* Debug */,
				03EC37A72985A4D40006CAC3 /* Release */,
			);
			defaultConfigurationIsVisible = 0;
			defaultConfigurationName = Release;
		};
		03EC37A82985A4D40006CAC3 /* Build configuration list for PBXNativeTarget "task-tango-appUITests" */ = {
			isa = XCConfigurationList;
			buildConfigurations = (
				03EC37A92985A4D40006CAC3 /* Debug */,
				03EC37AA2985A4D40006CAC3 /* Release */,
			);
			defaultConfigurationIsVisible = 0;
			defaultConfigurationName = Release;
		};
/* End XCConfigurationList section */

/* Begin XCRemoteSwiftPackageReference section */
		03EC37AB2985A6D50006CAC3 /* XCRemoteSwiftPackageReference "Auth0" */ = {
			isa = XCRemoteSwiftPackageReference;
			repositoryURL = "https://github.com/auth0/Auth0.swift";
			requirement = {
				kind = upToNextMajorVersion;
				minimumVersion = 2.0.0;
			};
		};
/* End XCRemoteSwiftPackageReference section */

/* Begin XCSwiftPackageProductDependency section */
		03EC37AC2985A6D50006CAC3 /* Auth0 */ = {
			isa = XCSwiftPackageProductDependency;
			package = 03EC37AB2985A6D50006CAC3 /* XCRemoteSwiftPackageReference "Auth0" */;
			productName = Auth0;
		};
/* End XCSwiftPackageProductDependency section */
	};
	rootObject = 03EC37762985A4D30006CAC3 /* Project object */;
}
